// !$*UTF8*$!
{
	archiveVersion = 1;
	classes = {
	};
	objectVersion = 51;
	objects = {

/* Begin PBXBuildFile section */
		032AFDE3C51A5DD5E908D138 /* Pods_DailyPlanner.framework in Frameworks */ = {isa = PBXBuildFile; fileRef = 2C978278307DBF64A3B97C46 /* Pods_DailyPlanner.framework */; };
		960ABBF323ACE9A80026FFF7 /* Constants.swift in Sources */ = {isa = PBXBuildFile; fileRef = 960ABBF223ACE9A80026FFF7 /* Constants.swift */; };
		960ABBF523B093C10026FFF7 /* NaviViewController.swift in Sources */ = {isa = PBXBuildFile; fileRef = 960ABBF423B093C10026FFF7 /* NaviViewController.swift */; };
		960ABBF723B0E1E00026FFF7 /* NewNoteViewController.swift in Sources */ = {isa = PBXBuildFile; fileRef = 960ABBF623B0E1E00026FFF7 /* NewNoteViewController.swift */; };
		960ABBF923B0E1F30026FFF7 /* NoteHistoryViewController.swift in Sources */ = {isa = PBXBuildFile; fileRef = 960ABBF823B0E1F30026FFF7 /* NoteHistoryViewController.swift */; };
		960ABBFB23B0E2020026FFF7 /* NewTaskViewController.swift in Sources */ = {isa = PBXBuildFile; fileRef = 960ABBFA23B0E2020026FFF7 /* NewTaskViewController.swift */; };
		960ABBFD23B0E2120026FFF7 /* TaskHistoryViewController.swift in Sources */ = {isa = PBXBuildFile; fileRef = 960ABBFC23B0E2120026FFF7 /* TaskHistoryViewController.swift */; };
		9635918423A909AE0088D0D2 /* AppDelegate.swift in Sources */ = {isa = PBXBuildFile; fileRef = 9635918323A909AE0088D0D2 /* AppDelegate.swift */; };
		9635918623A909AE0088D0D2 /* SceneDelegate.swift in Sources */ = {isa = PBXBuildFile; fileRef = 9635918523A909AE0088D0D2 /* SceneDelegate.swift */; };
		9635918823A909AE0088D0D2 /* ViewController.swift in Sources */ = {isa = PBXBuildFile; fileRef = 9635918723A909AE0088D0D2 /* ViewController.swift */; };
		9635918B23A909AE0088D0D2 /* Main.storyboard in Resources */ = {isa = PBXBuildFile; fileRef = 9635918923A909AE0088D0D2 /* Main.storyboard */; };
		9635918D23A909B30088D0D2 /* Assets.xcassets in Resources */ = {isa = PBXBuildFile; fileRef = 9635918C23A909B30088D0D2 /* Assets.xcassets */; };
		9635919023A909B30088D0D2 /* LaunchScreen.storyboard in Resources */ = {isa = PBXBuildFile; fileRef = 9635918E23A909B30088D0D2 /* LaunchScreen.storyboard */; };
		9635919823A90D830088D0D2 /* GoogleService-Info.plist in Resources */ = {isa = PBXBuildFile; fileRef = 9635919723A90D830088D0D2 /* GoogleService-Info.plist */; };
		9635919B23A911B60088D0D2 /* LoginViewController.swift in Sources */ = {isa = PBXBuildFile; fileRef = 9635919A23A911B60088D0D2 /* LoginViewController.swift */; };
		9635919D23A911C60088D0D2 /* SignUpViewController.swift in Sources */ = {isa = PBXBuildFile; fileRef = 9635919C23A911C60088D0D2 /* SignUpViewController.swift */; };
		9635919F23A917F20088D0D2 /* HomeViewController.swift in Sources */ = {isa = PBXBuildFile; fileRef = 9635919E23A917F20088D0D2 /* HomeViewController.swift */; };
/* End PBXBuildFile section */

/* Begin PBXFileReference section */
		0FDF60781FE134CD44BF16CB /* Pods-DailyPlanner.release.xcconfig */ = {isa = PBXFileReference; includeInIndex = 1; lastKnownFileType = text.xcconfig; name = "Pods-DailyPlanner.release.xcconfig"; path = "Target Support Files/Pods-DailyPlanner/Pods-DailyPlanner.release.xcconfig"; sourceTree = "<group>"; };
		2C978278307DBF64A3B97C46 /* Pods_DailyPlanner.framework */ = {isa = PBXFileReference; explicitFileType = wrapper.framework; includeInIndex = 0; path = Pods_DailyPlanner.framework; sourceTree = BUILT_PRODUCTS_DIR; };
		95F8F1492D627E533C825355 /* Pods-DailyPlanner.debug.xcconfig */ = {isa = PBXFileReference; includeInIndex = 1; lastKnownFileType = text.xcconfig; name = "Pods-DailyPlanner.debug.xcconfig"; path = "Target Support Files/Pods-DailyPlanner/Pods-DailyPlanner.debug.xcconfig"; sourceTree = "<group>"; };
		960ABBF223ACE9A80026FFF7 /* Constants.swift */ = {isa = PBXFileReference; lastKnownFileType = sourcecode.swift; path = Constants.swift; sourceTree = "<group>"; };
		960ABBF423B093C10026FFF7 /* NaviViewController.swift */ = {isa = PBXFileReference; lastKnownFileType = sourcecode.swift; path = NaviViewController.swift; sourceTree = "<group>"; };
		960ABBF623B0E1E00026FFF7 /* NewNoteViewController.swift */ = {isa = PBXFileReference; lastKnownFileType = sourcecode.swift; path = NewNoteViewController.swift; sourceTree = "<group>"; };
		960ABBF823B0E1F30026FFF7 /* NoteHistoryViewController.swift */ = {isa = PBXFileReference; lastKnownFileType = sourcecode.swift; path = NoteHistoryViewController.swift; sourceTree = "<group>"; };
		960ABBFA23B0E2020026FFF7 /* NewTaskViewController.swift */ = {isa = PBXFileReference; lastKnownFileType = sourcecode.swift; path = NewTaskViewController.swift; sourceTree = "<group>"; };
		960ABBFC23B0E2120026FFF7 /* TaskHistoryViewController.swift */ = {isa = PBXFileReference; lastKnownFileType = sourcecode.swift; path = TaskHistoryViewController.swift; sourceTree = "<group>"; };
		9635918023A909AE0088D0D2 /* DailyPlanner.app */ = {isa = PBXFileReference; explicitFileType = wrapper.application; includeInIndex = 0; path = DailyPlanner.app; sourceTree = BUILT_PRODUCTS_DIR; };
		9635918323A909AE0088D0D2 /* AppDelegate.swift */ = {isa = PBXFileReference; lastKnownFileType = sourcecode.swift; path = AppDelegate.swift; sourceTree = "<group>"; };
		9635918523A909AE0088D0D2 /* SceneDelegate.swift */ = {isa = PBXFileReference; lastKnownFileType = sourcecode.swift; path = SceneDelegate.swift; sourceTree = "<group>"; };
		9635918723A909AE0088D0D2 /* ViewController.swift */ = {isa = PBXFileReference; lastKnownFileType = sourcecode.swift; path = ViewController.swift; sourceTree = "<group>"; };
		9635918A23A909AE0088D0D2 /* Base */ = {isa = PBXFileReference; lastKnownFileType = file.storyboard; name = Base; path = Base.lproj/Main.storyboard; sourceTree = "<group>"; };
		9635918C23A909B30088D0D2 /* Assets.xcassets */ = {isa = PBXFileReference; lastKnownFileType = folder.assetcatalog; path = Assets.xcassets; sourceTree = "<group>"; };
		9635918F23A909B30088D0D2 /* Base */ = {isa = PBXFileReference; lastKnownFileType = file.storyboard; name = Base; path = Base.lproj/LaunchScreen.storyboard; sourceTree = "<group>"; };
		9635919123A909B30088D0D2 /* Info.plist */ = {isa = PBXFileReference; lastKnownFileType = text.plist.xml; path = Info.plist; sourceTree = "<group>"; };
		9635919723A90D830088D0D2 /* GoogleService-Info.plist */ = {isa = PBXFileReference; fileEncoding = 4; lastKnownFileType = text.plist.xml; path = "GoogleService-Info.plist"; sourceTree = "<group>"; };
		9635919A23A911B60088D0D2 /* LoginViewController.swift */ = {isa = PBXFileReference; lastKnownFileType = sourcecode.swift; path = LoginViewController.swift; sourceTree = "<group>"; };
		9635919C23A911C60088D0D2 /* SignUpViewController.swift */ = {isa = PBXFileReference; lastKnownFileType = sourcecode.swift; path = SignUpViewController.swift; sourceTree = "<group>"; };
		9635919E23A917F20088D0D2 /* HomeViewController.swift */ = {isa = PBXFileReference; lastKnownFileType = sourcecode.swift; path = HomeViewController.swift; sourceTree = "<group>"; };
/* End PBXFileReference section */

/* Begin PBXFrameworksBuildPhase section */
		9635917D23A909AE0088D0D2 /* Frameworks */ = {
			isa = PBXFrameworksBuildPhase;
			buildActionMask = 2147483647;
			files = (
				032AFDE3C51A5DD5E908D138 /* Pods_DailyPlanner.framework in Frameworks */,
			);
			runOnlyForDeploymentPostprocessing = 0;
		};
/* End PBXFrameworksBuildPhase section */

/* Begin PBXGroup section */
		3B1DCCB1D8CDC6EFCCECDE19 /* Pods */ = {
			isa = PBXGroup;
			children = (
				95F8F1492D627E533C825355 /* Pods-DailyPlanner.debug.xcconfig */,
				0FDF60781FE134CD44BF16CB /* Pods-DailyPlanner.release.xcconfig */,
			);
			path = Pods;
			sourceTree = "<group>";
		};
		960ABBF123ACE9890026FFF7 /* Helpers */ = {
			isa = PBXGroup;
			children = (
				960ABBF223ACE9A80026FFF7 /* Constants.swift */,
			);
			path = Helpers;
			sourceTree = "<group>";
		};
		9635917723A909AE0088D0D2 = {
			isa = PBXGroup;
			children = (
				9635918223A909AE0088D0D2 /* DailyPlanner */,
				9635918123A909AE0088D0D2 /* Products */,
				3B1DCCB1D8CDC6EFCCECDE19 /* Pods */,
				BF239CF6812348A37201426E /* Frameworks */,
			);
			sourceTree = "<group>";
		};
		9635918123A909AE0088D0D2 /* Products */ = {
			isa = PBXGroup;
			children = (
				9635918023A909AE0088D0D2 /* DailyPlanner.app */,
			);
			name = Products;
			sourceTree = "<group>";
		};
		9635918223A909AE0088D0D2 /* DailyPlanner */ = {
			isa = PBXGroup;
			children = (
				960ABBF123ACE9890026FFF7 /* Helpers */,
				9635919923A9118B0088D0D2 /* ViewControllers */,
				9635918323A909AE0088D0D2 /* AppDelegate.swift */,
				9635918523A909AE0088D0D2 /* SceneDelegate.swift */,
				9635918923A909AE0088D0D2 /* Main.storyboard */,
				9635918C23A909B30088D0D2 /* Assets.xcassets */,
				9635918E23A909B30088D0D2 /* LaunchScreen.storyboard */,
				9635919123A909B30088D0D2 /* Info.plist */,
				9635919723A90D830088D0D2 /* GoogleService-Info.plist */,
			);
			path = DailyPlanner;
			sourceTree = "<group>";
		};
		9635919923A9118B0088D0D2 /* ViewControllers */ = {
			isa = PBXGroup;
			children = (
				9635918723A909AE0088D0D2 /* ViewController.swift */,
				9635919A23A911B60088D0D2 /* LoginViewController.swift */,
				9635919C23A911C60088D0D2 /* SignUpViewController.swift */,
				9635919E23A917F20088D0D2 /* HomeViewController.swift */,
				960ABBF423B093C10026FFF7 /* NaviViewController.swift */,
				960ABBF623B0E1E00026FFF7 /* NewNoteViewController.swift */,
				960ABBF823B0E1F30026FFF7 /* NoteHistoryViewController.swift */,
				960ABBFA23B0E2020026FFF7 /* NewTaskViewController.swift */,
				960ABBFC23B0E2120026FFF7 /* TaskHistoryViewController.swift */,
			);
			path = ViewControllers;
			sourceTree = "<group>";
		};
		BF239CF6812348A37201426E /* Frameworks */ = {
			isa = PBXGroup;
			children = (
				2C978278307DBF64A3B97C46 /* Pods_DailyPlanner.framework */,
			);
			name = Frameworks;
			sourceTree = "<group>";
		};
/* End PBXGroup section */

/* Begin PBXNativeTarget section */
		9635917F23A909AE0088D0D2 /* DailyPlanner */ = {
			isa = PBXNativeTarget;
			buildConfigurationList = 9635919423A909B30088D0D2 /* Build configuration list for PBXNativeTarget "DailyPlanner" */;
			buildPhases = (
				89B968F71C05BF4C8E9843C2 /* [CP] Check Pods Manifest.lock */,
				9635917C23A909AE0088D0D2 /* Sources */,
				9635917D23A909AE0088D0D2 /* Frameworks */,
				9635917E23A909AE0088D0D2 /* Resources */,
				46E3421F848FBCF2BF1ACBD5 /* [CP] Embed Pods Frameworks */,
			);
			buildRules = (
			);
			dependencies = (
			);
			name = DailyPlanner;
			productName = DailyPlanner;
			productReference = 9635918023A909AE0088D0D2 /* DailyPlanner.app */;
			productType = "com.apple.product-type.application";
		};
/* End PBXNativeTarget section */

/* Begin PBXProject section */
		9635917823A909AE0088D0D2 /* Project object */ = {
			isa = PBXProject;
			attributes = {
				LastSwiftUpdateCheck = 1120;
				LastUpgradeCheck = 1120;
				ORGANIZATIONNAME = "Sanviraj Zahin Haque";
				TargetAttributes = {
					9635917F23A909AE0088D0D2 = {
						CreatedOnToolsVersion = 11.2.1;
					};
				};
			};
			buildConfigurationList = 9635917B23A909AE0088D0D2 /* Build configuration list for PBXProject "DailyPlanner" */;
			compatibilityVersion = "Xcode 9.3";
			developmentRegion = en;
			hasScannedForEncodings = 0;
			knownRegions = (
				en,
				Base,
			);
			mainGroup = 9635917723A909AE0088D0D2;
			productRefGroup = 9635918123A909AE0088D0D2 /* Products */;
			projectDirPath = "";
			projectRoot = "";
			targets = (
				9635917F23A909AE0088D0D2 /* DailyPlanner */,
			);
		};
/* End PBXProject section */

/* Begin PBXResourcesBuildPhase section */
		9635917E23A909AE0088D0D2 /* Resources */ = {
			isa = PBXResourcesBuildPhase;
			buildActionMask = 2147483647;
			files = (
				9635919023A909B30088D0D2 /* LaunchScreen.storyboard in Resources */,
				9635919823A90D830088D0D2 /* GoogleService-Info.plist in Resources */,
				9635918D23A909B30088D0D2 /* Assets.xcassets in Resources */,
				9635918B23A909AE0088D0D2 /* Main.storyboard in Resources */,
			);
			runOnlyForDeploymentPostprocessing = 0;
		};
/* End PBXResourcesBuildPhase section */

/* Begin PBXShellScriptBuildPhase section */
		46E3421F848FBCF2BF1ACBD5 /* [CP] Embed Pods Frameworks */ = {
			isa = PBXShellScriptBuildPhase;
			buildActionMask = 2147483647;
			files = (
			);
			inputFileListPaths = (
				"${PODS_ROOT}/Target Support Files/Pods-DailyPlanner/Pods-DailyPlanner-frameworks-${CONFIGURATION}-input-files.xcfilelist",
			);
			name = "[CP] Embed Pods Frameworks";
			outputFileListPaths = (
				"${PODS_ROOT}/Target Support Files/Pods-DailyPlanner/Pods-DailyPlanner-frameworks-${CONFIGURATION}-output-files.xcfilelist",
			);
			runOnlyForDeploymentPostprocessing = 0;
			shellPath = /bin/sh;
			shellScript = "\"${PODS_ROOT}/Target Support Files/Pods-DailyPlanner/Pods-DailyPlanner-frameworks.sh\"\n";
			showEnvVarsInLog = 0;
		};
		89B968F71C05BF4C8E9843C2 /* [CP] Check Pods Manifest.lock */ = {
			isa = PBXShellScriptBuildPhase;
			buildActionMask = 2147483647;
			files = (
			);
			inputFileListPaths = (
			);
			inputPaths = (
				"${PODS_PODFILE_DIR_PATH}/Podfile.lock",
				"${PODS_ROOT}/Manifest.lock",
			);
			name = "[CP] Check Pods Manifest.lock";
			outputFileListPaths = (
			);
			outputPaths = (
				"$(DERIVED_FILE_DIR)/Pods-DailyPlanner-checkManifestLockResult.txt",
			);
			runOnlyForDeploymentPostprocessing = 0;
			shellPath = /bin/sh;
			shellScript = "diff \"${PODS_PODFILE_DIR_PATH}/Podfile.lock\" \"${PODS_ROOT}/Manifest.lock\" > /dev/null\nif [ $? != 0 ] ; then\n    # print error to STDERR\n    echo \"error: The sandbox is not in sync with the Podfile.lock. Run 'pod install' or update your CocoaPods installation.\" >&2\n    exit 1\nfi\n# This output is used by Xcode 'outputs' to avoid re-running this script phase.\necho \"SUCCESS\" > \"${SCRIPT_OUTPUT_FILE_0}\"\n";
			showEnvVarsInLog = 0;
		};
/* End PBXShellScriptBuildPhase section */

/* Begin PBXSourcesBuildPhase section */
		9635917C23A909AE0088D0D2 /* Sources */ = {
			isa = PBXSourcesBuildPhase;
			buildActionMask = 2147483647;
			files = (
				960ABBF523B093C10026FFF7 /* NaviViewController.swift in Sources */,
				9635919B23A911B60088D0D2 /* LoginViewController.swift in Sources */,
				9635918823A909AE0088D0D2 /* ViewController.swift in Sources */,
				960ABBFB23B0E2020026FFF7 /* NewTaskViewController.swift in Sources */,
				9635918423A909AE0088D0D2 /* AppDelegate.swift in Sources */,
				9635918623A909AE0088D0D2 /* SceneDelegate.swift in Sources */,
				960ABBF323ACE9A80026FFF7 /* Constants.swift in Sources */,
				9635919D23A911C60088D0D2 /* SignUpViewController.swift in Sources */,
				960ABBF923B0E1F30026FFF7 /* NoteHistoryViewController.swift in Sources */,
				9635919F23A917F20088D0D2 /* HomeViewController.swift in Sources */,
				960ABBFD23B0E2120026FFF7 /* TaskHistoryViewController.swift in Sources */,
				960ABBF723B0E1E00026FFF7 /* NewNoteViewController.swift in Sources */,
			);
			runOnlyForDeploymentPostprocessing = 0;
		};
/* End PBXSourcesBuildPhase section */

/* Begin PBXVariantGroup section */
		9635918923A909AE0088D0D2 /* Main.storyboard */ = {
			isa = PBXVariantGroup;
			children = (
				9635918A23A909AE0088D0D2 /* Base */,
			);
			name = Main.storyboard;
			sourceTree = "<group>";
		};
		9635918E23A909B30088D0D2 /* LaunchScreen.storyboard */ = {
			isa = PBXVariantGroup;
			children = (
				9635918F23A909B30088D0D2 /* Base */,
			);
			name = LaunchScreen.storyboard;
			sourceTree = "<group>";
		};
/* End PBXVariantGroup section */

/* Begin XCBuildConfiguration section */
		9635919223A909B30088D0D2 /* Debug */ = {
			isa = XCBuildConfiguration;
			buildSettings = {
				ALWAYS_SEARCH_USER_PATHS = NO;
				CLANG_ANALYZER_NONNULL = YES;
				CLANG_ANALYZER_NUMBER_OBJECT_CONVERSION = YES_AGGRESSIVE;
				CLANG_CXX_LANGUAGE_STANDARD = "gnu++14";
				CLANG_CXX_LIBRARY = "libc++";
				CLANG_ENABLE_MODULES = YES;
				CLANG_ENABLE_OBJC_ARC = YES;
				CLANG_ENABLE_OBJC_WEAK = YES;
				CLANG_WARN_BLOCK_CAPTURE_AUTORELEASING = YES;
				CLANG_WARN_BOOL_CONVERSION = YES;
				CLANG_WARN_COMMA = YES;
				CLANG_WARN_CONSTANT_CONVERSION = YES;
				CLANG_WARN_DEPRECATED_OBJC_IMPLEMENTATIONS = YES;
				CLANG_WARN_DIRECT_OBJC_ISA_USAGE = YES_ERROR;
				CLANG_WARN_DOCUMENTATION_COMMENTS = YES;
				CLANG_WARN_EMPTY_BODY = YES;
				CLANG_WARN_ENUM_CONVERSION = YES;
				CLANG_WARN_INFINITE_RECURSION = YES;
				CLANG_WARN_INT_CONVERSION = YES;
				CLANG_WARN_NON_LITERAL_NULL_CONVERSION = YES;
				CLANG_WARN_OBJC_IMPLICIT_RETAIN_SELF = YES;
				CLANG_WARN_OBJC_LITERAL_CONVERSION = YES;
				CLANG_WARN_OBJC_ROOT_CLASS = YES_ERROR;
				CLANG_WARN_RANGE_LOOP_ANALYSIS = YES;
				CLANG_WARN_STRICT_PROTOTYPES = YES;
				CLANG_WARN_SUSPICIOUS_MOVE = YES;
				CLANG_WARN_UNGUARDED_AVAILABILITY = YES_AGGRESSIVE;
				CLANG_WARN_UNREACHABLE_CODE = YES;
				CLANG_WARN__DUPLICATE_METHOD_MATCH = YES;
				COPY_PHASE_STRIP = NO;
				DEBUG_INFORMATION_FORMAT = dwarf;
				ENABLE_STRICT_OBJC_MSGSEND = YES;
				ENABLE_TESTABILITY = YES;
				GCC_C_LANGUAGE_STANDARD = gnu11;
				GCC_DYNAMIC_NO_PIC = NO;
				GCC_NO_COMMON_BLOCKS = YES;
				GCC_OPTIMIZATION_LEVEL = 0;
				GCC_PREPROCESSOR_DEFINITIONS = (
					"DEBUG=1",
					"$(inherited)",
				);
				GCC_WARN_64_TO_32_BIT_CONVERSION = YES;
				GCC_WARN_ABOUT_RETURN_TYPE = YES_ERROR;
				GCC_WARN_UNDECLARED_SELECTOR = YES;
				GCC_WARN_UNINITIALIZED_AUTOS = YES_AGGRESSIVE;
				GCC_WARN_UNUSED_FUNCTION = YES;
				GCC_WARN_UNUSED_VARIABLE = YES;
				IPHONEOS_DEPLOYMENT_TARGET = 13.2;
				MTL_ENABLE_DEBUG_INFO = INCLUDE_SOURCE;
				MTL_FAST_MATH = YES;
				ONLY_ACTIVE_ARCH = YES;
				SDKROOT = iphoneos;
				SWIFT_ACTIVE_COMPILATION_CONDITIONS = DEBUG;
				SWIFT_OPTIMIZATION_LEVEL = "-Onone";
			};
			name = Debug;
		};
		9635919323A909B30088D0D2 /* Release */ = {
			isa = XCBuildConfiguration;
			buildSettings = {
				ALWAYS_SEARCH_USER_PATHS = NO;
				CLANG_ANALYZER_NONNULL = YES;
				CLANG_ANALYZER_NUMBER_OBJECT_CONVERSION = YES_AGGRESSIVE;
				CLANG_CXX_LANGUAGE_STANDARD = "gnu++14";
				CLANG_CXX_LIBRARY = "libc++";
				CLANG_ENABLE_MODULES = YES;
				CLANG_ENABLE_OBJC_ARC = YES;
				CLANG_ENABLE_OBJC_WEAK = YES;
				CLANG_WARN_BLOCK_CAPTURE_AUTORELEASING = YES;
				CLANG_WARN_BOOL_CONVERSION = YES;
				CLANG_WARN_COMMA = YES;
				CLANG_WARN_CONSTANT_CONVERSION = YES;
				CLANG_WARN_DEPRECATED_OBJC_IMPLEMENTATIONS = YES;
				CLANG_WARN_DIRECT_OBJC_ISA_USAGE = YES_ERROR;
				CLANG_WARN_DOCUMENTATION_COMMENTS = YES;
				CLANG_WARN_EMPTY_BODY = YES;
				CLANG_WARN_ENUM_CONVERSION = YES;
				CLANG_WARN_INFINITE_RECURSION = YES;
				CLANG_WARN_INT_CONVERSION = YES;
				CLANG_WARN_NON_LITERAL_NULL_CONVERSION = YES;
				CLANG_WARN_OBJC_IMPLICIT_RETAIN_SELF = YES;
				CLANG_WARN_OBJC_LITERAL_CONVERSION = YES;
				CLANG_WARN_OBJC_ROOT_CLASS = YES_ERROR;
				CLANG_WARN_RANGE_LOOP_ANALYSIS = YES;
				CLANG_WARN_STRICT_PROTOTYPES = YES;
				CLANG_WARN_SUSPICIOUS_MOVE = YES;
				CLANG_WARN_UNGUARDED_AVAILABILITY = YES_AGGRESSIVE;
				CLANG_WARN_UNREACHABLE_CODE = YES;
				CLANG_WARN__DUPLICATE_METHOD_MATCH = YES;
				COPY_PHASE_STRIP = NO;
				DEBUG_INFORMATION_FORMAT = "dwarf-with-dsym";
				ENABLE_NS_ASSERTIONS = NO;
				ENABLE_STRICT_OBJC_MSGSEND = YES;
				GCC_C_LANGUAGE_STANDARD = gnu11;
				GCC_NO_COMMON_BLOCKS = YES;
				GCC_WARN_64_TO_32_BIT_CONVERSION = YES;
				GCC_WARN_ABOUT_RETURN_TYPE = YES_ERROR;
				GCC_WARN_UNDECLARED_SELECTOR = YES;
				GCC_WARN_UNINITIALIZED_AUTOS = YES_AGGRESSIVE;
				GCC_WARN_UNUSED_FUNCTION = YES;
				GCC_WARN_UNUSED_VARIABLE = YES;
				IPHONEOS_DEPLOYMENT_TARGET = 13.2;
				MTL_ENABLE_DEBUG_INFO = NO;
				MTL_FAST_MATH = YES;
				SDKROOT = iphoneos;
				SWIFT_COMPILATION_MODE = wholemodule;
				SWIFT_OPTIMIZATION_LEVEL = "-O";
				VALIDATE_PRODUCT = YES;
			};
			name = Release;
		};
		9635919523A909B30088D0D2 /* Debug */ = {
			isa = XCBuildConfiguration;
			baseConfigurationReference = 95F8F1492D627E533C825355 /* Pods-DailyPlanner.debug.xcconfig */;
			buildSettings = {
				ASSETCATALOG_COMPILER_APPICON_NAME = AppIcon;
				CODE_SIGN_STYLE = Automatic;
				INFOPLIST_FILE = DailyPlanner/Info.plist;
				LD_RUNPATH_SEARCH_PATHS = (
					"$(inherited)",
					"@executable_path/Frameworks",
				);
				PRODUCT_BUNDLE_IDENTIFIER = com.hello.DailyPlanner;
				PRODUCT_NAME = "$(TARGET_NAME)";
				SWIFT_VERSION = 5.0;
				TARGETED_DEVICE_FAMILY = "1,2";
			};
			name = Debug;
		};
		9635919623A909B30088D0D2 /* Release */ = {
			isa = XCBuildConfiguration;
			baseConfigurationReference = 0FDF60781FE134CD44BF16CB /* Pods-DailyPlanner.release.xcconfig */;
			buildSettings = {
				ASSETCATALOG_COMPILER_APPICON_NAME = AppIcon;
				CODE_SIGN_STYLE = Automatic;
				INFOPLIST_FILE = DailyPlanner/Info.plist;
				LD_RUNPATH_SEARCH_PATHS = (
					"$(inherited)",
					"@executable_path/Frameworks",
				);
				PRODUCT_BUNDLE_IDENTIFIER = com.hello.DailyPlanner;
				PRODUCT_NAME = "$(TARGET_NAME)";
				SWIFT_VERSION = 5.0;
				TARGETED_DEVICE_FAMILY = "1,2";
			};
			name = Release;
		};
/* End XCBuildConfiguration section */

/* Begin XCConfigurationList section */
		9635917B23A909AE0088D0D2 /* Build configuration list for PBXProject "DailyPlanner" */ = {
			isa = XCConfigurationList;
			buildConfigurations = (
				9635919223A909B30088D0D2 /* Debug */,
				9635919323A909B30088D0D2 /* Release */,
			);
			defaultConfigurationIsVisible = 0;
			defaultConfigurationName = Release;
		};
		9635919423A909B30088D0D2 /* Build configuration list for PBXNativeTarget "DailyPlanner" */ = {
			isa = XCConfigurationList;
			buildConfigurations = (
				9635919523A909B30088D0D2 /* Debug */,
				9635919623A909B30088D0D2 /* Release */,
			);
			defaultConfigurationIsVisible = 0;
			defaultConfigurationName = Release;
		};
/* End XCConfigurationList section */
	};
	rootObject = 9635917823A909AE0088D0D2 /* Project object */;
}
